
Microsoft Visual Studio Solution File, Format Version 12.00
# Visual Studio Version 17
VisualStudioVersion = 17.9.34714.143
MinimumVisualStudioVersion = 10.0.40219.1
Project("{9A19103F-16F7-4668-BE54-9A1E7A4F7556}") = "Assignment4", "Assignment4.csproj", "{3381D0CB-2A1D-48C7-A94B-7F4B23EE250C}"
EndProject
Global
	GlobalSection(SolutionConfigurationPlatforms) = preSolution
		Debug|Any CPU = Debug|Any CPU
		Release|Any CPU = Release|Any CPU
	EndGlobalSection
	GlobalSection(ProjectConfigurationPlatforms) = postSolution
		{3381D0CB-2A1D-48C7-A94B-7F4B23EE250C}.Debug|Any CPU.ActiveCfg = Debug|Any CPU
		{3381D0CB-2A1D-48C7-A94B-7F4B23EE250C}.Debug|Any CPU.Build.0 = Debug|Any CPU
		{3381D0CB-2A1D-48C7-A94B-7F4B23EE250C}.Release|Any CPU.ActiveCfg = Release|Any CPU
		{3381D0CB-2A1D-48C7-A94B-7F4B23EE250C}.Release|Any CPU.Build.0 = Release|Any CPU
	EndGlobalSection
	GlobalSection(SolutionProperties) = preSolution
		HideSolutionNode = FALSE
	EndGlobalSection
	GlobalSection(ExtensibilityGlobals) = postSolution
		SolutionGuid = {51617D04-B60D-4A3B-ABF6-EFB2A5203003}
	EndGlobalSection
EndGlobal
